
Microsoft Visual Studio Solution File, Format Version 12.00
# Visual Studio Version 17
VisualStudioVersion = 17.9.34622.214
MinimumVisualStudioVersion = 10.0.40219.1
Project("{FAE04EC0-301F-11D3-BF4B-00C04F79EFBC}") = "MVCCRUDBooks", "MVCCRUDBooks\MVCCRUDBooks.csproj", "{49570540-5C55-4A77-A794-9044758B30B0}"
EndProject
Global
	GlobalSection(SolutionConfigurationPlatforms) = preSolution
		Debug|Any CPU = Debug|Any CPU
		Release|Any CPU = Release|Any CPU
	EndGlobalSection
	GlobalSection(ProjectConfigurationPlatforms) = postSolution
		{49570540-5C55-4A77-A794-9044758B30B0}.Debug|Any CPU.ActiveCfg = Debug|Any CPU
		{49570540-5C55-4A77-A794-9044758B30B0}.Debug|Any CPU.Build.0 = Debug|Any CPU
		{49570540-5C55-4A77-A794-9044758B30B0}.Release|Any CPU.ActiveCfg = Release|Any CPU
		{49570540-5C55-4A77-A794-9044758B30B0}.Release|Any CPU.Build.0 = Release|Any CPU
	EndGlobalSection
	GlobalSection(SolutionProperties) = preSolution
		HideSolutionNode = FALSE
	EndGlobalSection
	GlobalSection(ExtensibilityGlobals) = postSolution
		SolutionGuid = {F5AE0A1B-D578-4109-9442-A37A4EC4A62F}
	EndGlobalSection
EndGlobal
